// !$*UTF8*$!
{
	archiveVersion = 1;
	classes = {
	};
	objectVersion = 46;
	objects = {

/* Begin PBXBuildFile section */
		EB82B9901B156FA300882618 /* AppDelegate.swift in Sources */ = {isa = PBXBuildFile; fileRef = EB82B98F1B156FA300882618 /* AppDelegate.swift */; };
		EB82B9921B156FA300882618 /* ViewController.swift in Sources */ = {isa = PBXBuildFile; fileRef = EB82B9911B156FA300882618 /* ViewController.swift */; };
		EB82B9951B156FA300882618 /* Main.storyboard in Resources */ = {isa = PBXBuildFile; fileRef = EB82B9931B156FA300882618 /* Main.storyboard */; };
		EB82B9971B156FA300882618 /* Images.xcassets in Resources */ = {isa = PBXBuildFile; fileRef = EB82B9961B156FA300882618 /* Images.xcassets */; };
		EB82B99A1B156FA300882618 /* LaunchScreen.xib in Resources */ = {isa = PBXBuildFile; fileRef = EB82B9981B156FA300882618 /* LaunchScreen.xib */; };
		EB82B9A61B156FA400882618 /* TestSwiftTests.swift in Sources */ = {isa = PBXBuildFile; fileRef = EB82B9A51B156FA400882618 /* TestSwiftTests.swift */; };
/* End PBXBuildFile section */

/* Begin PBXContainerItemProxy section */
		EB82B9A01B156FA400882618 /* PBXContainerItemProxy */ = {
			isa = PBXContainerItemProxy;
			containerPortal = EB82B9821B156FA300882618 /* Project object */;
			proxyType = 1;
			remoteGlobalIDString = EB82B9891B156FA300882618;
			remoteInfo = TestSwift;
		};
/* End PBXContainerItemProxy section */

/* Begin PBXFileReference section */
		EB82B98A1B156FA300882618 /* TestSwift.app */ = {isa = PBXFileReference; explicitFileType = wrapper.application; includeInIndex = 0; path = TestSwift.app; sourceTree = BUILT_PRODUCTS_DIR; };
		EB82B98E1B156FA300882618 /* Info.plist */ = {isa = PBXFileReference; lastKnownFileType = text.plist.xml; path = Info.plist; sourceTree = "<group>"; };
		EB82B98F1B156FA300882618 /* AppDelegate.swift */ = {isa = PBXFileReference; lastKnownFileType = sourcecode.swift; path = AppDelegate.swift; sourceTree = "<group>"; };
		EB82B9911B156FA300882618 /* ViewController.swift */ = {isa = PBXFileReference; lastKnownFileType = sourcecode.swift; path = ViewController.swift; sourceTree = "<group>"; };
		EB82B9941B156FA300882618 /* Base */ = {isa = PBXFileReference; lastKnownFileType = file.storyboard; name = Base; path = Base.lproj/Main.storyboard; sourceTree = "<group>"; };
		EB82B9961B156FA300882618 /* Images.xcassets */ = {isa = PBXFileReference; lastKnownFileType = folder.assetcatalog; path = Images.xcassets; sourceTree = "<group>"; };
		EB82B9991B156FA300882618 /* Base */ = {isa = PBXFileReference; lastKnownFileType = file.xib; name = Base; path = Base.lproj/LaunchScreen.xib; sourceTree = "<group>"; };
		EB82B99F1B156FA400882618 /* TestSwiftTests.xctest */ = {isa = PBXFileReference; explicitFileType = wrapper.cfbundle; includeInIndex = 0; path = TestSwiftTests.xctest; sourceTree = BUILT_PRODUCTS_DIR; };
		EB82B9A41B156FA400882618 /* Info.plist */ = {isa = PBXFileReference; lastKnownFileType = text.plist.xml; path = Info.plist; sourceTree = "<group>"; };
		EB82B9A51B156FA400882618 /* TestSwiftTests.swift */ = {isa = PBXFileReference; lastKnownFileType = sourcecode.swift; path = TestSwiftTests.swift; sourceTree = "<group>"; };
/* End PBXFileReference section */

/* Begin PBXFrameworksBuildPhase section */
		EB82B9871B156FA300882618 /* Frameworks */ = {
			isa = PBXFrameworksBuildPhase;
			buildActionMask = 2147483647;
			files = (
			);
			runOnlyForDeploymentPostprocessing = 0;
		};
		EB82B99C1B156FA400882618 /* Frameworks */ = {
			isa = PBXFrameworksBuildPhase;
			buildActionMask = 2147483647;
			files = (
			);
			runOnlyForDeploymentPostprocessing = 0;
		};
/* End PBXFrameworksBuildPhase section */

/* Begin PBXGroup section */
		EB82B9811B156FA300882618 = {
			isa = PBXGroup;
			children = (
				EB82B98C1B156FA300882618 /* TestSwift */,
				EB82B9A21B156FA400882618 /* TestSwiftTests */,
				EB82B98B1B156FA300882618 /* Products */,
			);
			sourceTree = "<group>";
		};
		EB82B98B1B156FA300882618 /* Products */ = {
			isa = PBXGroup;
			children = (
				EB82B98A1B156FA300882618 /* TestSwift.app */,
				EB82B99F1B156FA400882618 /* TestSwiftTests.xctest */,
			);
			name = Products;
			sourceTree = "<group>";
		};
		EB82B98C1B156FA300882618 /* TestSwift */ = {
			isa = PBXGroup;
			children = (
				EB82B98F1B156FA300882618 /* AppDelegate.swift */,
				EB82B9911B156FA300882618 /* ViewController.swift */,
				EB82B9931B156FA300882618 /* Main.storyboard */,
				EB82B9961B156FA300882618 /* Images.xcassets */,
				EB82B9981B156FA300882618 /* LaunchScreen.xib */,
				EB82B98D1B156FA300882618 /* Supporting Files */,
			);
			path = TestSwift;
			sourceTree = "<group>";
		};
		EB82B98D1B156FA300882618 /* Supporting Files */ = {
			isa = PBXGroup;
			children = (
				EB82B98E1B156FA300882618 /* Info.plist */,
			);
			name = "Supporting Files";
			sourceTree = "<group>";
		};
		EB82B9A21B156FA400882618 /* TestSwiftTests */ = {
			isa = PBXGroup;
			children = (
				EB82B9A51B156FA400882618 /* TestSwiftTests.swift */,
				EB82B9A31B156FA400882618 /* Supporting Files */,
			);
			path = TestSwiftTests;
			sourceTree = "<group>";
		};
		EB82B9A31B156FA400882618 /* Supporting Files */ = {
			isa = PBXGroup;
			children = (
				EB82B9A41B156FA400882618 /* Info.plist */,
			);
			name = "Supporting Files";
			sourceTree = "<group>";
		};
/* End PBXGroup section */

/* Begin PBXNativeTarget section */
		EB82B9891B156FA300882618 /* TestSwift */ = {
			isa = PBXNativeTarget;
			buildConfigurationList = EB82B9A91B156FA400882618 /* Build configuration list for PBXNativeTarget "TestSwift" */;
			buildPhases = (
				EB82B9861B156FA300882618 /* Sources */,
				EB82B9871B156FA300882618 /* Frameworks */,
				EB82B9881B156FA300882618 /* Resources */,
			);
			buildRules = (
			);
			dependencies = (
			);
			name = TestSwift;
			productName = TestSwift;
			productReference = EB82B98A1B156FA300882618 /* TestSwift.app */;
			productType = "com.apple.product-type.application";
		};
		EB82B99E1B156FA400882618 /* TestSwiftTests */ = {
			isa = PBXNativeTarget;
			buildConfigurationList = EB82B9AC1B156FA400882618 /* Build configuration list for PBXNativeTarget "TestSwiftTests" */;
			buildPhases = (
				EB82B99B1B156FA400882618 /* Sources */,
				EB82B99C1B156FA400882618 /* Frameworks */,
				EB82B99D1B156FA400882618 /* Resources */,
			);
			buildRules = (
			);
			dependencies = (
				EB82B9A11B156FA400882618 /* PBXTargetDependency */,
			);
			name = TestSwiftTests;
			productName = TestSwiftTests;
			productReference = EB82B99F1B156FA400882618 /* TestSwiftTests.xctest */;
			productType = "com.apple.product-type.bundle.unit-test";
		};
/* End PBXNativeTarget section */

/* Begin PBXProject section */
		EB82B9821B156FA300882618 /* Project object */ = {
			isa = PBXProject;
			attributes = {
				LastUpgradeCheck = 0630;
				ORGANIZATIONNAME = Raizel_ytt;
				TargetAttributes = {
					EB82B9891B156FA300882618 = {
						CreatedOnToolsVersion = 6.3.1;
					};
					EB82B99E1B156FA400882618 = {
						CreatedOnToolsVersion = 6.3.1;
						TestTargetID = EB82B9891B156FA300882618;
					};
				};
			};
			buildConfigurationList = EB82B9851B156FA300882618 /* Build configuration list for PBXProject "TestSwift" */;
			compatibilityVersion = "Xcode 3.2";
			developmentRegion = English;
			hasScannedForEncodings = 0;
			knownRegions = (
				en,
				Base,
			);
			mainGroup = EB82B9811B156FA300882618;
			productRefGroup = EB82B98B1B156FA300882618 /* Products */;
			projectDirPath = "";
			projectRoot = "";
			targets = (
				EB82B9891B156FA300882618 /* TestSwift */,
				EB82B99E1B156FA400882618 /* TestSwiftTests */,
			);
		};
/* End PBXProject section */

/* Begin PBXResourcesBuildPhase section */
		EB82B9881B156FA300882618 /* Resources */ = {
			isa = PBXResourcesBuildPhase;
			buildActionMask = 2147483647;
			files = (
				EB82B9951B156FA300882618 /* Main.storyboard in Resources */,
				EB82B99A1B156FA300882618 /* LaunchScreen.xib in Resources */,
				EB82B9971B156FA300882618 /* Images.xcassets in Resources */,
			);
			runOnlyForDeploymentPostprocessing = 0;
		};
		EB82B99D1B156FA400882618 /* Resources */ = {
			isa = PBXResourcesBuildPhase;
			buildActionMask = 2147483647;
			files = (
			);
			runOnlyForDeploymentPostprocessing = 0;
		};
/* End PBXResourcesBuildPhase section */

/* Begin PBXSourcesBuildPhase section */
		EB82B9861B156FA300882618 /* Sources */ = {
			isa = PBXSourcesBuildPhase;
			buildActionMask = 2147483647;
			files = (
				EB82B9921B156FA300882618 /* ViewController.swift in Sources */,
				EB82B9901B156FA300882618 /* AppDelegate.swift in Sources */,
			);
			runOnlyForDeploymentPostprocessing = 0;
		};
		EB82B99B1B156FA400882618 /* Sources */ = {
			isa = PBXSourcesBuildPhase;
			buildActionMask = 2147483647;
			files = (
				EB82B9A61B156FA400882618 /* TestSwiftTests.swift in Sources */,
			);
			runOnlyForDeploymentPostprocessing = 0;
		};
/* End PBXSourcesBuildPhase section */

/* Begin PBXTargetDependency section */
		EB82B9A11B156FA400882618 /* PBXTargetDependency */ = {
			isa = PBXTargetDependency;
			target = EB82B9891B156FA300882618 /* TestSwift */;
			targetProxy = EB82B9A01B156FA400882618 /* PBXContainerItemProxy */;
		};
/* End PBXTargetDependency section */

/* Begin PBXVariantGroup section */
		EB82B9931B156FA300882618 /* Main.storyboard */ = {
			isa = PBXVariantGroup;
			children = (
				EB82B9941B156FA300882618 /* Base */,
			);
			name = Main.storyboard;
			sourceTree = "<group>";
		};
		EB82B9981B156FA300882618 /* LaunchScreen.xib */ = {
			isa = PBXVariantGroup;
			children = (
				EB82B9991B156FA300882618 /* Base */,
			);
			name = LaunchScreen.xib;
			sourceTree = "<group>";
		};
/* End PBXVariantGroup section */

/* Begin XCBuildConfiguration section */
		EB82B9A71B156FA400882618 /* Debug */ = {
			isa = XCBuildConfiguration;
			buildSettings = {
				ALWAYS_SEARCH_USER_PATHS = NO;
				CLANG_CXX_LANGUAGE_STANDARD = "gnu++0x";
				CLANG_CXX_LIBRARY = "libc++";
				CLANG_ENABLE_MODULES = YES;
				CLANG_ENABLE_OBJC_ARC = YES;
				CLANG_WARN_BOOL_CONVERSION = YES;
				CLANG_WARN_CONSTANT_CONVERSION = YES;
				CLANG_WARN_DIRECT_OBJC_ISA_USAGE = YES_ERROR;
				CLANG_WARN_EMPTY_BODY = YES;
				CLANG_WARN_ENUM_CONVERSION = YES;
				CLANG_WARN_INT_CONVERSION = YES;
				CLANG_WARN_OBJC_ROOT_CLASS = YES_ERROR;
				CLANG_WARN_UNREACHABLE_CODE = YES;
				CLANG_WARN__DUPLICATE_METHOD_MATCH = YES;
				"CODE_SIGN_IDENTITY[sdk=iphoneos*]" = "iPhone Developer";
				COPY_PHASE_STRIP = NO;
				DEBUG_INFORMATION_FORMAT = "dwarf-with-dsym";
				ENABLE_STRICT_OBJC_MSGSEND = YES;
				GCC_C_LANGUAGE_STANDARD = gnu99;
				GCC_DYNAMIC_NO_PIC = NO;
				GCC_NO_COMMON_BLOCKS = YES;
				GCC_OPTIMIZATION_LEVEL = 0;
				GCC_PREPROCESSOR_DEFINITIONS = (
					"DEBUG=1",
					"$(inherited)",
				);
				GCC_SYMBOLS_PRIVATE_EXTERN = NO;
				GCC_WARN_64_TO_32_BIT_CONVERSION = YES;
				GCC_WARN_ABOUT_RETURN_TYPE = YES_ERROR;
				GCC_WARN_UNDECLARED_SELECTOR = YES;
				GCC_WARN_UNINITIALIZED_AUTOS = YES_AGGRESSIVE;
				GCC_WARN_UNUSED_FUNCTION = YES;
				GCC_WARN_UNUSED_VARIABLE = YES;
				IPHONEOS_DEPLOYMENT_TARGET = 8.3;
				MTL_ENABLE_DEBUG_INFO = YES;
				ONLY_ACTIVE_ARCH = YES;
				SDKROOT = iphoneos;
				SWIFT_OPTIMIZATION_LEVEL = "-Onone";
				TARGETED_DEVICE_FAMILY = "1,2";
			};
			name = Debug;
		};
		EB82B9A81B156FA400882618 /* Release */ = {
			isa = XCBuildConfiguration;
			buildSettings = {
				ALWAYS_SEARCH_USER_PATHS = NO;
				CLANG_CXX_LANGUAGE_STANDARD = "gnu++0x";
				CLANG_CXX_LIBRARY = "libc++";
				CLANG_ENABLE_MODULES = YES;
				CLANG_ENABLE_OBJC_ARC = YES;
				CLANG_WARN_BOOL_CONVERSION = YES;
				CLANG_WARN_CONSTANT_CONVERSION = YES;
				CLANG_WARN_DIRECT_OBJC_ISA_USAGE = YES_ERROR;
				CLANG_WARN_EMPTY_BODY = YES;
				CLANG_WARN_ENUM_CONVERSION = YES;
				CLANG_WARN_INT_CONVERSION = YES;
				CLANG_WARN_OBJC_ROOT_CLASS = YES_ERROR;
				CLANG_WARN_UNREACHABLE_CODE = YES;
				CLANG_WARN__DUPLICATE_METHOD_MATCH = YES;
				"CODE_SIGN_IDENTITY[sdk=iphoneos*]" = "iPhone Developer";
				COPY_PHASE_STRIP = NO;
				DEBUG_INFORMATION_FORMAT = "dwarf-with-dsym";
				ENABLE_NS_ASSERTIONS = NO;
				ENABLE_STRICT_OBJC_MSGSEND = YES;
				GCC_C_LANGUAGE_STANDARD = gnu99;
				GCC_NO_COMMON_BLOCKS = YES;
				GCC_WARN_64_TO_32_BIT_CONVERSION = YES;
				GCC_WARN_ABOUT_RETURN_TYPE = YES_ERROR;
				GCC_WARN_UNDECLARED_SELECTOR = YES;
				GCC_WARN_UNINITIALIZED_AUTOS = YES_AGGRESSIVE;
				GCC_WARN_UNUSED_FUNCTION = YES;
				GCC_WARN_UNUSED_VARIABLE = YES;
				IPHONEOS_DEPLOYMENT_TARGET = 8.3;
				MTL_ENABLE_DEBUG_INFO = NO;
				SDKROOT = iphoneos;
				TARGETED_DEVICE_FAMILY = "1,2";
				VALIDATE_PRODUCT = YES;
			};
			name = Release;
		};
		EB82B9AA1B156FA400882618 /* Debug */ = {
			isa = XCBuildConfiguration;
			buildSettings = {
				ASSETCATALOG_COMPILER_APPICON_NAME = AppIcon;
				INFOPLIST_FILE = TestSwift/Info.plist;
				LD_RUNPATH_SEARCH_PATHS = "$(inherited) @executable_path/Frameworks";
				PRODUCT_NAME = "$(TARGET_NAME)";
			};
			name = Debug;
		};
		EB82B9AB1B156FA400882618 /* Release */ = {
			isa = XCBuildConfiguration;
			buildSettings = {
				ASSETCATALOG_COMPILER_APPICON_NAME = AppIcon;
				INFOPLIST_FILE = TestSwift/Info.plist;
				LD_RUNPATH_SEARCH_PATHS = "$(inherited) @executable_path/Frameworks";
				PRODUCT_NAME = "$(TARGET_NAME)";
			};
			name = Release;
		};
		EB82B9AD1B156FA400882618 /* Debug */ = {
			isa = XCBuildConfiguration;
			buildSettings = {
				BUNDLE_LOADER = "$(TEST_HOST)";
				FRAMEWORK_SEARCH_PATHS = (
					"$(SDKROOT)/Developer/Library/Frameworks",
					"$(inherited)",
				);
				GCC_PREPROCESSOR_DEFINITIONS = (
					"DEBUG=1",
					"$(inherited)",
				);
				INFOPLIST_FILE = TestSwiftTests/Info.plist;
				LD_RUNPATH_SEARCH_PATHS = "$(inherited) @executable_path/Frameworks @loader_path/Frameworks";
				PRODUCT_NAME = "$(TARGET_NAME)";
				TEST_HOST = "$(BUILT_PRODUCTS_DIR)/TestSwift.app/TestSwift";
			};
			name = Debug;
		};
		EB82B9AE1B156FA400882618 /* Release */ = {
			isa = XCBuildConfiguration;
			buildSettings = {
				BUNDLE_LOADER = "$(TEST_HOST)";
				FRAMEWORK_SEARCH_PATHS = (
					"$(SDKROOT)/Developer/Library/Frameworks",
					"$(inherited)",
				);
				INFOPLIST_FILE = TestSwiftTests/Info.plist;
				LD_RUNPATH_SEARCH_PATHS = "$(inherited) @executable_path/Frameworks @loader_path/Frameworks";
				PRODUCT_NAME = "$(TARGET_NAME)";
				TEST_HOST = "$(BUILT_PRODUCTS_DIR)/TestSwift.app/TestSwift";
			};
			name = Release;
		};
/* End XCBuildConfiguration section */

/* Begin XCConfigurationList section */
		EB82B9851B156FA300882618 /* Build configuration list for PBXProject "TestSwift" */ = {
			isa = XCConfigurationList;
			buildConfigurations = (
				EB82B9A71B156FA400882618 /* Debug */,
				EB82B9A81B156FA400882618 /* Release */,
			);
			defaultConfigurationIsVisible = 0;
			defaultConfigurationName = Release;
		};
		EB82B9A91B156FA400882618 /* Build configuration list for PBXNativeTarget "TestSwift" */ = {
			isa = XCConfigurationList;
			buildConfigurations = (
				EB82B9AA1B156FA400882618 /* Debug */,
				EB82B9AB1B156FA400882618 /* Release */,
			);
			defaultConfigurationIsVisible = 0;
		};
		EB82B9AC1B156FA400882618 /* Build configuration list for PBXNativeTarget "TestSwiftTests" */ = {
			isa = XCConfigurationList;
			buildConfigurations = (
				EB82B9AD1B156FA400882618 /* Debug */,
				EB82B9AE1B156FA400882618 /* Release */,
			);
			defaultConfigurationIsVisible = 0;
		};
/* End XCConfigurationList section */
	};
	rootObject = EB82B9821B156FA300882618 /* Project object */;
}
